// !$*UTF8*$!
{
	archiveVersion = 1;
	classes = {
	};
	objectVersion = 46;
	objects = {

/* Begin PBXBuildFile section */
		F095953220350E6700EB2260 /* StringCalculator.cpp in Sources */ = {isa = PBXBuildFile; fileRef = F095953120350E6700EB2260 /* StringCalculator.cpp */; };
		F095953A20350ECF00EB2260 /* StringCalculatorTests.cpp in Sources */ = {isa = PBXBuildFile; fileRef = F095953920350ECF00EB2260 /* StringCalculatorTests.cpp */; };
/* End PBXBuildFile section */

/* Begin PBXCopyFilesBuildPhase section */
		F095952C20350E6700EB2260 /* CopyFiles */ = {
			isa = PBXCopyFilesBuildPhase;
			buildActionMask = 2147483647;
			dstPath = /usr/share/man/man1/;
			dstSubfolderSpec = 0;
			files = (
			);
			runOnlyForDeploymentPostprocessing = 1;
		};
/* End PBXCopyFilesBuildPhase section */

/* Begin PBXFileReference section */
		F095952E20350E6700EB2260 /* CS372Kata2 */ = {isa = PBXFileReference; explicitFileType = "compiled.mach-o.executable"; includeInIndex = 0; path = CS372Kata2; sourceTree = BUILT_PRODUCTS_DIR; };
		F095953120350E6700EB2260 /* StringCalculator.cpp */ = {isa = PBXFileReference; lastKnownFileType = sourcecode.cpp.cpp; path = StringCalculator.cpp; sourceTree = "<group>"; };
		F095953820350EB000EB2260 /* StringCalculator.h */ = {isa = PBXFileReference; lastKnownFileType = sourcecode.c.h; path = StringCalculator.h; sourceTree = "<group>"; };
		F095953920350ECF00EB2260 /* StringCalculatorTests.cpp */ = {isa = PBXFileReference; fileEncoding = 4; lastKnownFileType = sourcecode.cpp.cpp; path = StringCalculatorTests.cpp; sourceTree = "<group>"; };
		F095953B20350F1A00EB2260 /* catch2.h */ = {isa = PBXFileReference; lastKnownFileType = sourcecode.c.h; path = catch2.h; sourceTree = "<group>"; };
/* End PBXFileReference section */

/* Begin PBXFrameworksBuildPhase section */
		F095952B20350E6700EB2260 /* Frameworks */ = {
			isa = PBXFrameworksBuildPhase;
			buildActionMask = 2147483647;
			files = (
			);
			runOnlyForDeploymentPostprocessing = 0;
		};
/* End PBXFrameworksBuildPhase section */

/* Begin PBXGroup section */
		F095952520350E6700EB2260 = {
			isa = PBXGroup;
			children = (
				F095953020350E6700EB2260 /* CS372Kata2 */,
				F095952F20350E6700EB2260 /* Products */,
			);
			sourceTree = "<group>";
		};
		F095952F20350E6700EB2260 /* Products */ = {
			isa = PBXGroup;
			children = (
				F095952E20350E6700EB2260 /* CS372Kata2 */,
			);
			name = Products;
			sourceTree = "<group>";
		};
		F095953020350E6700EB2260 /* CS372Kata2 */ = {
			isa = PBXGroup;
			children = (
				F095953B20350F1A00EB2260 /* catch2.h */,
				F095953820350EB000EB2260 /* StringCalculator.h */,
				F095953120350E6700EB2260 /* StringCalculator.cpp */,
				F095953920350ECF00EB2260 /* StringCalculatorTests.cpp */,
			);
			path = CS372Kata2;
			sourceTree = "<group>";
		};
/* End PBXGroup section */

/* Begin PBXNativeTarget section */
		F095952D20350E6700EB2260 /* CS372Kata2 */ = {
			isa = PBXNativeTarget;
			buildConfigurationList = F095953520350E6700EB2260 /* Build configuration list for PBXNativeTarget "CS372Kata2" */;
			buildPhases = (
				F095952A20350E6700EB2260 /* Sources */,
				F095952B20350E6700EB2260 /* Frameworks */,
				F095952C20350E6700EB2260 /* CopyFiles */,
			);
			buildRules = (
			);
			dependencies = (
			);
			name = CS372Kata2;
			productName = CS372Kata2;
			productReference = F095952E20350E6700EB2260 /* CS372Kata2 */;
			productType = "com.apple.product-type.tool";
		};
/* End PBXNativeTarget section */

/* Begin PBXProject section */
		F095952620350E6700EB2260 /* Project object */ = {
			isa = PBXProject;
			attributes = {
				LastUpgradeCheck = 0820;
				ORGANIZATIONNAME = clasley;
				TargetAttributes = {
					F095952D20350E6700EB2260 = {
						CreatedOnToolsVersion = 8.2.1;
						ProvisioningStyle = Automatic;
					};
				};
			};
			buildConfigurationList = F095952920350E6700EB2260 /* Build configuration list for PBXProject "CS372Kata2" */;
			compatibilityVersion = "Xcode 3.2";
			developmentRegion = English;
			hasScannedForEncodings = 0;
			knownRegions = (
				en,
			);
			mainGroup = F095952520350E6700EB2260;
			productRefGroup = F095952F20350E6700EB2260 /* Products */;
			projectDirPath = "";
			projectRoot = "";
			targets = (
				F095952D20350E6700EB2260 /* CS372Kata2 */,
			);
		};
/* End PBXProject section */

/* Begin PBXSourcesBuildPhase section */
		F095952A20350E6700EB2260 /* Sources */ = {
			isa = PBXSourcesBuildPhase;
			buildActionMask = 2147483647;
			files = (
				F095953A20350ECF00EB2260 /* StringCalculatorTests.cpp in Sources */,
				F095953220350E6700EB2260 /* StringCalculator.cpp in Sources */,
			);
			runOnlyForDeploymentPostprocessing = 0;
		};
/* End PBXSourcesBuildPhase section */

/* Begin XCBuildConfiguration section */
		F095953320350E6700EB2260 /* Debug */ = {
			isa = XCBuildConfiguration;
			buildSettings = {
				ALWAYS_SEARCH_USER_PATHS = NO;
				CLANG_ANALYZER_NONNULL = YES;
				CLANG_CXX_LANGUAGE_STANDARD = "gnu++0x";
				CLANG_CXX_LIBRARY = "libc++";
				CLANG_ENABLE_MODULES = YES;
				CLANG_ENABLE_OBJC_ARC = YES;
				CLANG_WARN_BOOL_CONVERSION = YES;
				CLANG_WARN_CONSTANT_CONVERSION = YES;
				CLANG_WARN_DIRECT_OBJC_ISA_USAGE = YES_ERROR;
				CLANG_WARN_DOCUMENTATION_COMMENTS = YES;
				CLANG_WARN_EMPTY_BODY = YES;
				CLANG_WARN_ENUM_CONVERSION = YES;
				CLANG_WARN_INFINITE_RECURSION = YES;
				CLANG_WARN_INT_CONVERSION = YES;
				CLANG_WARN_OBJC_ROOT_CLASS = YES_ERROR;
				CLANG_WARN_SUSPICIOUS_MOVE = YES;
				CLANG_WARN_UNREACHABLE_CODE = YES;
				CLANG_WARN__DUPLICATE_METHOD_MATCH = YES;
				CODE_SIGN_IDENTITY = "-";
				COPY_PHASE_STRIP = NO;
				DEBUG_INFORMATION_FORMAT = dwarf;
				ENABLE_STRICT_OBJC_MSGSEND = YES;
				ENABLE_TESTABILITY = YES;
				GCC_C_LANGUAGE_STANDARD = gnu99;
				GCC_DYNAMIC_NO_PIC = NO;
				GCC_NO_COMMON_BLOCKS = YES;
				GCC_OPTIMIZATION_LEVEL = 0;
				GCC_PREPROCESSOR_DEFINITIONS = (
					"DEBUG=1",
					"$(inherited)",
				);
				GCC_WARN_64_TO_32_BIT_CONVERSION = YES;
				GCC_WARN_ABOUT_RETURN_TYPE = YES_ERROR;
				GCC_WARN_UNDECLARED_SELECTOR = YES;
				GCC_WARN_UNINITIALIZED_AUTOS = YES_AGGRESSIVE;
				GCC_WARN_UNUSED_FUNCTION = YES;
				GCC_WARN_UNUSED_VARIABLE = YES;
				MACOSX_DEPLOYMENT_TARGET = 10.12;
				MTL_ENABLE_DEBUG_INFO = YES;
				ONLY_ACTIVE_ARCH = YES;
				SDKROOT = macosx;
			};
			name = Debug;
		};
		F095953420350E6700EB2260 /* Release */ = {
			isa = XCBuildConfiguration;
			buildSettings = {
				ALWAYS_SEARCH_USER_PATHS = NO;
				CLANG_ANALYZER_NONNULL = YES;
				CLANG_CXX_LANGUAGE_STANDARD = "gnu++0x";
				CLANG_CXX_LIBRARY = "libc++";
				CLANG_ENABLE_MODULES = YES;
				CLANG_ENABLE_OBJC_ARC = YES;
				CLANG_WARN_BOOL_CONVERSION = YES;
				CLANG_WARN_CONSTANT_CONVERSION = YES;
				CLANG_WARN_DIRECT_OBJC_ISA_USAGE = YES_ERROR;
				CLANG_WARN_DOCUMENTATION_COMMENTS = YES;
				CLANG_WARN_EMPTY_BODY = YES;
				CLANG_WARN_ENUM_CONVERSION = YES;
				CLANG_WARN_INFINITE_RECURSION = YES;
				CLANG_WARN_INT_CONVERSION = YES;
				CLANG_WARN_OBJC_ROOT_CLASS = YES_ERROR;
				CLANG_WARN_SUSPICIOUS_MOVE = YES;
				CLANG_WARN_UNREACHABLE_CODE = YES;
				CLANG_WARN__DUPLICATE_METHOD_MATCH = YES;
				CODE_SIGN_IDENTITY = "-";
				COPY_PHASE_STRIP = NO;
				DEBUG_INFORMATION_FORMAT = "dwarf-with-dsym";
				ENABLE_NS_ASSERTIONS = NO;
				ENABLE_STRICT_OBJC_MSGSEND = YES;
				GCC_C_LANGUAGE_STANDARD = gnu99;
				GCC_NO_COMMON_BLOCKS = YES;
				GCC_WARN_64_TO_32_BIT_CONVERSION = YES;
				GCC_WARN_ABOUT_RETURN_TYPE = YES_ERROR;
				GCC_WARN_UNDECLARED_SELECTOR = YES;
				GCC_WARN_UNINITIALIZED_AUTOS = YES_AGGRESSIVE;
				GCC_WARN_UNUSED_FUNCTION = YES;
				GCC_WARN_UNUSED_VARIABLE = YES;
				MACOSX_DEPLOYMENT_TARGET = 10.12;
				MTL_ENABLE_DEBUG_INFO = NO;
				SDKROOT = macosx;
			};
			name = Release;
		};
		F095953620350E6700EB2260 /* Debug */ = {
			isa = XCBuildConfiguration;
			buildSettings = {
				PRODUCT_NAME = "$(TARGET_NAME)";
			};
			name = Debug;
		};
		F095953720350E6700EB2260 /* Release */ = {
			isa = XCBuildConfiguration;
			buildSettings = {
				PRODUCT_NAME = "$(TARGET_NAME)";
			};
			name = Release;
		};
/* End XCBuildConfiguration section */

/* Begin XCConfigurationList section */
		F095952920350E6700EB2260 /* Build configuration list for PBXProject "CS372Kata2" */ = {
			isa = XCConfigurationList;
			buildConfigurations = (
				F095953320350E6700EB2260 /* Debug */,
				F095953420350E6700EB2260 /* Release */,
			);
			defaultConfigurationIsVisible = 0;
			defaultConfigurationName = Release;
		};
		F095953520350E6700EB2260 /* Build configuration list for PBXNativeTarget "CS372Kata2" */ = {
			isa = XCConfigurationList;
			buildConfigurations = (
				F095953620350E6700EB2260 /* Debug */,
				F095953720350E6700EB2260 /* Release */,
			);
			defaultConfigurationIsVisible = 0;
		};
/* End XCConfigurationList section */
	};
	rootObject = F095952620350E6700EB2260 /* Project object */;
}
